
Microsoft Visual Studio Solution File, Format Version 12.00
# Visual Studio Version 17
VisualStudioVersion = 17.4.33122.133
MinimumVisualStudioVersion = 10.0.40219.1
Project("{FAE04EC0-301F-11D3-BF4B-00C04F79EFBC}") = "bobo_1", "bobo_1\bobo_1.csproj", "{D2F0FC1B-6F52-4583-AF32-26FC62900807}"
EndProject
Project("{FAE04EC0-301F-11D3-BF4B-00C04F79EFBC}") = "Notifikace_bobo", "Noifikace_bobo\Notifikace_bobo.csproj", "{E7FBC985-27B9-484E-AC15-3173D5ABF281}"
EndProject
Global
	GlobalSection(SolutionConfigurationPlatforms) = preSolution
		Debug|Any CPU = Debug|Any CPU
		Release|Any CPU = Release|Any CPU
	EndGlobalSection
	GlobalSection(ProjectConfigurationPlatforms) = postSolution
		{D2F0FC1B-6F52-4583-AF32-26FC62900807}.Debug|Any CPU.ActiveCfg = Debug|Any CPU
		{D2F0FC1B-6F52-4583-AF32-26FC62900807}.Debug|Any CPU.Build.0 = Debug|Any CPU
		{D2F0FC1B-6F52-4583-AF32-26FC62900807}.Release|Any CPU.ActiveCfg = Release|Any CPU
		{D2F0FC1B-6F52-4583-AF32-26FC62900807}.Release|Any CPU.Build.0 = Release|Any CPU
		{E7FBC985-27B9-484E-AC15-3173D5ABF281}.Debug|Any CPU.ActiveCfg = Debug|Any CPU
		{E7FBC985-27B9-484E-AC15-3173D5ABF281}.Debug|Any CPU.Build.0 = Debug|Any CPU
		{E7FBC985-27B9-484E-AC15-3173D5ABF281}.Release|Any CPU.ActiveCfg = Release|Any CPU
		{E7FBC985-27B9-484E-AC15-3173D5ABF281}.Release|Any CPU.Build.0 = Release|Any CPU
	EndGlobalSection
	GlobalSection(SolutionProperties) = preSolution
		HideSolutionNode = FALSE
	EndGlobalSection
	GlobalSection(ExtensibilityGlobals) = postSolution
		SolutionGuid = {75B78153-541C-4098-9E91-266D0777E9F5}
	EndGlobalSection
EndGlobal
